
Microsoft Visual Studio Solution File, Format Version 12.00
# Visual Studio Version 17
VisualStudioVersion = 17.7.34009.444
MinimumVisualStudioVersion = 10.0.40219.1
Project("{FAE04EC0-301F-11D3-BF4B-00C04F79EFBC}") = "OOP_Concepts", "OOP_Concepts.csproj", "{7DD8FA4C-5C36-454D-9D20-C778FEFF9059}"
EndProject
Global
	GlobalSection(SolutionConfigurationPlatforms) = preSolution
		Debug|Any CPU = Debug|Any CPU
		Release|Any CPU = Release|Any CPU
	EndGlobalSection
	GlobalSection(ProjectConfigurationPlatforms) = postSolution
		{7DD8FA4C-5C36-454D-9D20-C778FEFF9059}.Debug|Any CPU.ActiveCfg = Debug|Any CPU
		{7DD8FA4C-5C36-454D-9D20-C778FEFF9059}.Debug|Any CPU.Build.0 = Debug|Any CPU
		{7DD8FA4C-5C36-454D-9D20-C778FEFF9059}.Release|Any CPU.ActiveCfg = Release|Any CPU
		{7DD8FA4C-5C36-454D-9D20-C778FEFF9059}.Release|Any CPU.Build.0 = Release|Any CPU
	EndGlobalSection
	GlobalSection(SolutionProperties) = preSolution
		HideSolutionNode = FALSE
	EndGlobalSection
	GlobalSection(ExtensibilityGlobals) = postSolution
		SolutionGuid = {24A04331-5356-4A4F-B1D1-20CE14A01F88}
	EndGlobalSection
EndGlobal
